
Microsoft Visual Studio Solution File, Format Version 12.00
# Visual Studio Version 16
VisualStudioVersion = 16.0.31205.134
MinimumVisualStudioVersion = 10.0.40219.1
Project("{FAE04EC0-301F-11D3-BF4B-00C04F79EFBC}") = "GithubGame", "GithubGame\GithubGame.csproj", "{5E78F917-5DDD-480A-9EF5-44F910AD924E}"
EndProject
Global
	GlobalSection(SolutionConfigurationPlatforms) = preSolution
		Debug|Any CPU = Debug|Any CPU
		Release|Any CPU = Release|Any CPU
	EndGlobalSection
	GlobalSection(ProjectConfigurationPlatforms) = postSolution
		{5E78F917-5DDD-480A-9EF5-44F910AD924E}.Debug|Any CPU.ActiveCfg = Debug|Any CPU
		{5E78F917-5DDD-480A-9EF5-44F910AD924E}.Debug|Any CPU.Build.0 = Debug|Any CPU
		{5E78F917-5DDD-480A-9EF5-44F910AD924E}.Release|Any CPU.ActiveCfg = Release|Any CPU
		{5E78F917-5DDD-480A-9EF5-44F910AD924E}.Release|Any CPU.Build.0 = Release|Any CPU
	EndGlobalSection
	GlobalSection(SolutionProperties) = preSolution
		HideSolutionNode = FALSE
	EndGlobalSection
	GlobalSection(ExtensibilityGlobals) = postSolution
		SolutionGuid = {603F102B-5831-4518-81FA-DF722234F4B2}
	EndGlobalSection
EndGlobal
